
Microsoft Visual Studio Solution File, Format Version 12.00
# Visual Studio Version 16
VisualStudioVersion = 16.0.29209.62
MinimumVisualStudioVersion = 10.0.40219.1
Project("{2150E333-8FDC-42A3-9474-1A3956D46DE8}") = "01_CsharpLibs", "01_CsharpLibs", "{98C6551E-0F30-44D1-BDF4-F71BAE118002}"
EndProject
Project("{2150E333-8FDC-42A3-9474-1A3956D46DE8}") = "02_Test", "02_Test", "{BEB1288C-83C6-4457-A787-28A5023C18E3}"
EndProject
Project("{2150E333-8FDC-42A3-9474-1A3956D46DE8}") = "_Configs", "_Configs", "{407CBADE-DFE9-4AFE-9BBE-65272625EF22}"
	ProjectSection(SolutionItems) = preProject
		.editorconfig = .editorconfig
		nuget.config = nuget.config
	EndProjectSection
EndProject
Project("{2150E333-8FDC-42A3-9474-1A3956D46DE8}") = "03_BenchMarking", "03_BenchMarking", "{0951D02E-E72F-453B-A7A5-1BBF80E11BD7}"
EndProject
Project("{2150E333-8FDC-42A3-9474-1A3956D46DE8}") = "Common", "Common", "{960296EC-C66D-45FC-B6B6-D363C90EE15D}"
EndProject
Project("{2150E333-8FDC-42A3-9474-1A3956D46DE8}") = "Data", "Data", "{72A34E53-E001-402E-B28F-12A559DC1956}"
EndProject
Project("{2150E333-8FDC-42A3-9474-1A3956D46DE8}") = "Libs", "Libs", "{22300E36-4306-49EA-8574-F15DAB8B1569}"
EndProject
Project("{2150E333-8FDC-42A3-9474-1A3956D46DE8}") = "Business", "Business", "{AB12B4CE-A77E-44AF-A281-3E5F4FD982A1}"
EndProject
Project("{2150E333-8FDC-42A3-9474-1A3956D46DE8}") = "Common", "Common", "{12628634-7A99-44A2-A873-69F9F754396A}"
EndProject
Project("{2150E333-8FDC-42A3-9474-1A3956D46DE8}") = "Data", "Data", "{04F1F910-0A42-4F47-AA40-8680EA7A1C11}"
EndProject
Project("{2150E333-8FDC-42A3-9474-1A3956D46DE8}") = "Libs", "Libs", "{46AC2D9C-F286-4533-BAAE-FB71BFBD2B17}"
EndProject
Project("{2150E333-8FDC-42A3-9474-1A3956D46DE8}") = "Business", "Business", "{8A6DD7E5-A6B5-4F46-A4DC-0B0940CD99AC}"
EndProject
Project("{2150E333-8FDC-42A3-9474-1A3956D46DE8}") = "Business", "Business", "{3C26BDED-6C09-47A4-8187-7E02BA619BE1}"
EndProject
Project("{2150E333-8FDC-42A3-9474-1A3956D46DE8}") = "Common", "Common", "{F87ED69F-229C-4C56-A3CF-7545E2A51C3A}"
EndProject
Project("{2150E333-8FDC-42A3-9474-1A3956D46DE8}") = "Data", "Data", "{223FBDC4-DD14-48EA-B245-AB87FA7D043E}"
EndProject
Project("{2150E333-8FDC-42A3-9474-1A3956D46DE8}") = "Libs", "Libs", "{60271866-8BFB-46C8-9B03-9C6304652433}"
EndProject
Project("{9A19103F-16F7-4668-BE54-9A1E7A4F7556}") = "Core.Common.DirectoriosArchivos", "01_CsharpLibs\Common\DirectoriosArchivos\Core.Common.DirectoriosArchivos.csproj", "{CC2D048F-A85B-4D23-8874-514A8C2018F8}"
EndProject
Project("{9A19103F-16F7-4668-BE54-9A1E7A4F7556}") = "Core.Common.Respuestas", "01_CsharpLibs\Common\Respuestas\Core.Common.Respuestas.csproj", "{CBB26324-8F63-46B5-BD68-3F810137C532}"
EndProject
Project("{9A19103F-16F7-4668-BE54-9A1E7A4F7556}") = "Core.Data.Databases", "01_CsharpLibs\Data\Databases\Core.Data.Databases.csproj", "{550FC837-2354-4E16-833C-CF17B9F0D702}"
EndProject
Project("{9A19103F-16F7-4668-BE54-9A1E7A4F7556}") = "Core.Data.Logs", "01_CsharpLibs\Data\Logs\Core.Data.Logs.csproj", "{FDAA56E6-ADE6-45DC-98AB-C3BF39B535D3}"
EndProject
Project("{9A19103F-16F7-4668-BE54-9A1E7A4F7556}") = "Core.Libs.ModulosCifrado", "01_CsharpLibs\Libs\ModulosCifrado\Core.Libs.ModulosCifrado.csproj", "{C99B3E96-5FDF-43FA-B979-EBA6F0C81A5B}"
EndProject
Project("{9A19103F-16F7-4668-BE54-9A1E7A4F7556}") = "TestRespuesta", "02_Test\Common\TestRespuesta\TestRespuesta.csproj", "{1321D47E-35C4-44D8-A2FD-AB5930875950}"
EndProject
Project("{9A19103F-16F7-4668-BE54-9A1E7A4F7556}") = "TestDirectoriosArchivos", "02_Test\Common\TestDirectoriosArchivos\TestDirectoriosArchivos.csproj", "{F4E96EF0-9294-4E7E-83A4-A55997060D20}"
EndProject
Project("{9A19103F-16F7-4668-BE54-9A1E7A4F7556}") = "TestDatabases", "02_Test\Data\TestDatabases\TestDatabases.csproj", "{D31A4001-F6FF-4208-9E43-75A5E6AFB94C}"
EndProject
Project("{9A19103F-16F7-4668-BE54-9A1E7A4F7556}") = "TestLogs", "02_Test\Data\TestLogs\TestLogs.csproj", "{E5084176-496B-4471-BBD2-01A8EC47976F}"
EndProject
Project("{9A19103F-16F7-4668-BE54-9A1E7A4F7556}") = "TestModulosCifrado", "02_Test\Libs\TestModulosCifrado\TestModulosCifrado.csproj", "{70C14C6B-DCE4-4FA4-ABCF-A974396BF536}"
EndProject
Project("{9A19103F-16F7-4668-BE54-9A1E7A4F7556}") = "BenchMarkingDirectoriosArchivos", "03_BenchMarking\Common\BenchMarkingDirectoriosArchivos\BenchMarkingDirectoriosArchivos.csproj", "{1DC0B54B-14A3-4314-B544-04069250D7EB}"
EndProject
Project("{9A19103F-16F7-4668-BE54-9A1E7A4F7556}") = "BenchMarkingRespuesta", "03_BenchMarking\Common\BenchMarkingRespuesta\BenchMarkingRespuesta.csproj", "{770B70A9-C308-4445-BCA8-C25E8E2BB138}"
EndProject
Project("{9A19103F-16F7-4668-BE54-9A1E7A4F7556}") = "BenchMarkingDatabases", "03_BenchMarking\Data\BenchMarkingDatabases\BenchMarkingDatabases.csproj", "{30508C3C-69C2-48AE-8F9F-9AC8339E99FD}"
EndProject
Project("{9A19103F-16F7-4668-BE54-9A1E7A4F7556}") = "BenchMarkingLogs", "03_BenchMarking\Data\BenchMarkingLogs\BenchMarkingLogs.csproj", "{F04EC26E-D319-4DCC-8C03-4296935B467D}"
EndProject
Project("{9A19103F-16F7-4668-BE54-9A1E7A4F7556}") = "BenchMarkingModulosCifrado", "03_BenchMarking\Libs\BenchMarkingModulosCifrado\BenchMarkingModulosCifrado.csproj", "{5E6B49DC-90D9-44CB-BF1E-AC9D0FC77465}"
EndProject
Global
	GlobalSection(SolutionConfigurationPlatforms) = preSolution
		Debug|Any CPU = Debug|Any CPU
		Release|Any CPU = Release|Any CPU
	EndGlobalSection
	GlobalSection(ProjectConfigurationPlatforms) = postSolution
		{CC2D048F-A85B-4D23-8874-514A8C2018F8}.Debug|Any CPU.ActiveCfg = Debug|Any CPU
		{CC2D048F-A85B-4D23-8874-514A8C2018F8}.Debug|Any CPU.Build.0 = Debug|Any CPU
		{CC2D048F-A85B-4D23-8874-514A8C2018F8}.Release|Any CPU.ActiveCfg = Release|Any CPU
		{CC2D048F-A85B-4D23-8874-514A8C2018F8}.Release|Any CPU.Build.0 = Release|Any CPU
		{CBB26324-8F63-46B5-BD68-3F810137C532}.Debug|Any CPU.ActiveCfg = Debug|Any CPU
		{CBB26324-8F63-46B5-BD68-3F810137C532}.Debug|Any CPU.Build.0 = Debug|Any CPU
		{CBB26324-8F63-46B5-BD68-3F810137C532}.Release|Any CPU.ActiveCfg = Release|Any CPU
		{CBB26324-8F63-46B5-BD68-3F810137C532}.Release|Any CPU.Build.0 = Release|Any CPU
		{550FC837-2354-4E16-833C-CF17B9F0D702}.Debug|Any CPU.ActiveCfg = Debug|Any CPU
		{550FC837-2354-4E16-833C-CF17B9F0D702}.Debug|Any CPU.Build.0 = Debug|Any CPU
		{550FC837-2354-4E16-833C-CF17B9F0D702}.Release|Any CPU.ActiveCfg = Release|Any CPU
		{550FC837-2354-4E16-833C-CF17B9F0D702}.Release|Any CPU.Build.0 = Release|Any CPU
		{FDAA56E6-ADE6-45DC-98AB-C3BF39B535D3}.Debug|Any CPU.ActiveCfg = Debug|Any CPU
		{FDAA56E6-ADE6-45DC-98AB-C3BF39B535D3}.Debug|Any CPU.Build.0 = Debug|Any CPU
		{FDAA56E6-ADE6-45DC-98AB-C3BF39B535D3}.Release|Any CPU.ActiveCfg = Release|Any CPU
		{FDAA56E6-ADE6-45DC-98AB-C3BF39B535D3}.Release|Any CPU.Build.0 = Release|Any CPU
		{C99B3E96-5FDF-43FA-B979-EBA6F0C81A5B}.Debug|Any CPU.ActiveCfg = Debug|Any CPU
		{C99B3E96-5FDF-43FA-B979-EBA6F0C81A5B}.Debug|Any CPU.Build.0 = Debug|Any CPU
		{C99B3E96-5FDF-43FA-B979-EBA6F0C81A5B}.Release|Any CPU.ActiveCfg = Release|Any CPU
		{C99B3E96-5FDF-43FA-B979-EBA6F0C81A5B}.Release|Any CPU.Build.0 = Release|Any CPU
		{1321D47E-35C4-44D8-A2FD-AB5930875950}.Debug|Any CPU.ActiveCfg = Debug|Any CPU
		{1321D47E-35C4-44D8-A2FD-AB5930875950}.Debug|Any CPU.Build.0 = Debug|Any CPU
		{1321D47E-35C4-44D8-A2FD-AB5930875950}.Release|Any CPU.ActiveCfg = Release|Any CPU
		{1321D47E-35C4-44D8-A2FD-AB5930875950}.Release|Any CPU.Build.0 = Release|Any CPU
		{F4E96EF0-9294-4E7E-83A4-A55997060D20}.Debug|Any CPU.ActiveCfg = Debug|Any CPU
		{F4E96EF0-9294-4E7E-83A4-A55997060D20}.Debug|Any CPU.Build.0 = Debug|Any CPU
		{F4E96EF0-9294-4E7E-83A4-A55997060D20}.Release|Any CPU.ActiveCfg = Release|Any CPU
		{F4E96EF0-9294-4E7E-83A4-A55997060D20}.Release|Any CPU.Build.0 = Release|Any CPU
		{D31A4001-F6FF-4208-9E43-75A5E6AFB94C}.Debug|Any CPU.ActiveCfg = Debug|Any CPU
		{D31A4001-F6FF-4208-9E43-75A5E6AFB94C}.Debug|Any CPU.Build.0 = Debug|Any CPU
		{D31A4001-F6FF-4208-9E43-75A5E6AFB94C}.Release|Any CPU.ActiveCfg = Release|Any CPU
		{D31A4001-F6FF-4208-9E43-75A5E6AFB94C}.Release|Any CPU.Build.0 = Release|Any CPU
		{E5084176-496B-4471-BBD2-01A8EC47976F}.Debug|Any CPU.ActiveCfg = Debug|Any CPU
		{E5084176-496B-4471-BBD2-01A8EC47976F}.Debug|Any CPU.Build.0 = Debug|Any CPU
		{E5084176-496B-4471-BBD2-01A8EC47976F}.Release|Any CPU.ActiveCfg = Release|Any CPU
		{E5084176-496B-4471-BBD2-01A8EC47976F}.Release|Any CPU.Build.0 = Release|Any CPU
		{70C14C6B-DCE4-4FA4-ABCF-A974396BF536}.Debug|Any CPU.ActiveCfg = Debug|Any CPU
		{70C14C6B-DCE4-4FA4-ABCF-A974396BF536}.Debug|Any CPU.Build.0 = Debug|Any CPU
		{70C14C6B-DCE4-4FA4-ABCF-A974396BF536}.Release|Any CPU.ActiveCfg = Release|Any CPU
		{70C14C6B-DCE4-4FA4-ABCF-A974396BF536}.Release|Any CPU.Build.0 = Release|Any CPU
		{1DC0B54B-14A3-4314-B544-04069250D7EB}.Debug|Any CPU.ActiveCfg = Debug|Any CPU
		{1DC0B54B-14A3-4314-B544-04069250D7EB}.Debug|Any CPU.Build.0 = Debug|Any CPU
		{1DC0B54B-14A3-4314-B544-04069250D7EB}.Release|Any CPU.ActiveCfg = Release|Any CPU
		{1DC0B54B-14A3-4314-B544-04069250D7EB}.Release|Any CPU.Build.0 = Release|Any CPU
		{770B70A9-C308-4445-BCA8-C25E8E2BB138}.Debug|Any CPU.ActiveCfg = Debug|Any CPU
		{770B70A9-C308-4445-BCA8-C25E8E2BB138}.Debug|Any CPU.Build.0 = Debug|Any CPU
		{770B70A9-C308-4445-BCA8-C25E8E2BB138}.Release|Any CPU.ActiveCfg = Release|Any CPU
		{770B70A9-C308-4445-BCA8-C25E8E2BB138}.Release|Any CPU.Build.0 = Release|Any CPU
		{30508C3C-69C2-48AE-8F9F-9AC8339E99FD}.Debug|Any CPU.ActiveCfg = Debug|Any CPU
		{30508C3C-69C2-48AE-8F9F-9AC8339E99FD}.Debug|Any CPU.Build.0 = Debug|Any CPU
		{30508C3C-69C2-48AE-8F9F-9AC8339E99FD}.Release|Any CPU.ActiveCfg = Release|Any CPU
		{30508C3C-69C2-48AE-8F9F-9AC8339E99FD}.Release|Any CPU.Build.0 = Release|Any CPU
		{F04EC26E-D319-4DCC-8C03-4296935B467D}.Debug|Any CPU.ActiveCfg = Debug|Any CPU
		{F04EC26E-D319-4DCC-8C03-4296935B467D}.Debug|Any CPU.Build.0 = Debug|Any CPU
		{F04EC26E-D319-4DCC-8C03-4296935B467D}.Release|Any CPU.ActiveCfg = Release|Any CPU
		{F04EC26E-D319-4DCC-8C03-4296935B467D}.Release|Any CPU.Build.0 = Release|Any CPU
		{5E6B49DC-90D9-44CB-BF1E-AC9D0FC77465}.Debug|Any CPU.ActiveCfg = Debug|Any CPU
		{5E6B49DC-90D9-44CB-BF1E-AC9D0FC77465}.Debug|Any CPU.Build.0 = Debug|Any CPU
		{5E6B49DC-90D9-44CB-BF1E-AC9D0FC77465}.Release|Any CPU.ActiveCfg = Release|Any CPU
		{5E6B49DC-90D9-44CB-BF1E-AC9D0FC77465}.Release|Any CPU.Build.0 = Release|Any CPU
	EndGlobalSection
	GlobalSection(SolutionProperties) = preSolution
		HideSolutionNode = FALSE
	EndGlobalSection
	GlobalSection(NestedProjects) = preSolution
		{960296EC-C66D-45FC-B6B6-D363C90EE15D} = {98C6551E-0F30-44D1-BDF4-F71BAE118002}
		{72A34E53-E001-402E-B28F-12A559DC1956} = {98C6551E-0F30-44D1-BDF4-F71BAE118002}
		{22300E36-4306-49EA-8574-F15DAB8B1569} = {98C6551E-0F30-44D1-BDF4-F71BAE118002}
		{AB12B4CE-A77E-44AF-A281-3E5F4FD982A1} = {98C6551E-0F30-44D1-BDF4-F71BAE118002}
		{12628634-7A99-44A2-A873-69F9F754396A} = {BEB1288C-83C6-4457-A787-28A5023C18E3}
		{04F1F910-0A42-4F47-AA40-8680EA7A1C11} = {BEB1288C-83C6-4457-A787-28A5023C18E3}
		{46AC2D9C-F286-4533-BAAE-FB71BFBD2B17} = {BEB1288C-83C6-4457-A787-28A5023C18E3}
		{8A6DD7E5-A6B5-4F46-A4DC-0B0940CD99AC} = {BEB1288C-83C6-4457-A787-28A5023C18E3}
		{3C26BDED-6C09-47A4-8187-7E02BA619BE1} = {0951D02E-E72F-453B-A7A5-1BBF80E11BD7}
		{F87ED69F-229C-4C56-A3CF-7545E2A51C3A} = {0951D02E-E72F-453B-A7A5-1BBF80E11BD7}
		{223FBDC4-DD14-48EA-B245-AB87FA7D043E} = {0951D02E-E72F-453B-A7A5-1BBF80E11BD7}
		{60271866-8BFB-46C8-9B03-9C6304652433} = {0951D02E-E72F-453B-A7A5-1BBF80E11BD7}
		{CC2D048F-A85B-4D23-8874-514A8C2018F8} = {960296EC-C66D-45FC-B6B6-D363C90EE15D}
		{CBB26324-8F63-46B5-BD68-3F810137C532} = {960296EC-C66D-45FC-B6B6-D363C90EE15D}
		{550FC837-2354-4E16-833C-CF17B9F0D702} = {72A34E53-E001-402E-B28F-12A559DC1956}
		{FDAA56E6-ADE6-45DC-98AB-C3BF39B535D3} = {72A34E53-E001-402E-B28F-12A559DC1956}
		{C99B3E96-5FDF-43FA-B979-EBA6F0C81A5B} = {22300E36-4306-49EA-8574-F15DAB8B1569}
		{1321D47E-35C4-44D8-A2FD-AB5930875950} = {12628634-7A99-44A2-A873-69F9F754396A}
		{F4E96EF0-9294-4E7E-83A4-A55997060D20} = {12628634-7A99-44A2-A873-69F9F754396A}
		{D31A4001-F6FF-4208-9E43-75A5E6AFB94C} = {04F1F910-0A42-4F47-AA40-8680EA7A1C11}
		{E5084176-496B-4471-BBD2-01A8EC47976F} = {04F1F910-0A42-4F47-AA40-8680EA7A1C11}
		{70C14C6B-DCE4-4FA4-ABCF-A974396BF536} = {46AC2D9C-F286-4533-BAAE-FB71BFBD2B17}
		{1DC0B54B-14A3-4314-B544-04069250D7EB} = {F87ED69F-229C-4C56-A3CF-7545E2A51C3A}
		{770B70A9-C308-4445-BCA8-C25E8E2BB138} = {F87ED69F-229C-4C56-A3CF-7545E2A51C3A}
		{30508C3C-69C2-48AE-8F9F-9AC8339E99FD} = {223FBDC4-DD14-48EA-B245-AB87FA7D043E}
		{F04EC26E-D319-4DCC-8C03-4296935B467D} = {223FBDC4-DD14-48EA-B245-AB87FA7D043E}
		{5E6B49DC-90D9-44CB-BF1E-AC9D0FC77465} = {60271866-8BFB-46C8-9B03-9C6304652433}
	EndGlobalSection
	GlobalSection(ExtensibilityGlobals) = postSolution
		SolutionGuid = {D65084CA-7BC0-4ABB-AC14-052A0D858748}
	EndGlobalSection
EndGlobal
