
Microsoft Visual Studio Solution File, Format Version 12.00
# Visual Studio Version 16
VisualStudioVersion = 16.0.29209.62
MinimumVisualStudioVersion = 10.0.40219.1
Project("{2150E333-8FDC-42A3-9474-1A3956D46DE8}") = "01_CsharpLibs", "01_CsharpLibs", "{98C6551E-0F30-44D1-BDF4-F71BAE118002}"
EndProject
Project("{2150E333-8FDC-42A3-9474-1A3956D46DE8}") = "02_Test", "02_Test", "{BEB1288C-83C6-4457-A787-28A5023C18E3}"
EndProject
Project("{2150E333-8FDC-42A3-9474-1A3956D46DE8}") = "_Configs", "_Configs", "{407CBADE-DFE9-4AFE-9BBE-65272625EF22}"
	ProjectSection(SolutionItems) = preProject
		.editorconfig = .editorconfig
		nuget.config = nuget.config
		..\NugetPackages\NugetConfig\nuspecGeneratorNetCoreNetStandard.ps1 = ..\NugetPackages\NugetConfig\nuspecGeneratorNetCoreNetStandard.ps1
	EndProjectSection
EndProject
Project("{2150E333-8FDC-42A3-9474-1A3956D46DE8}") = "Common", "Common", "{960296EC-C66D-45FC-B6B6-D363C90EE15D}"
EndProject
Project("{2150E333-8FDC-42A3-9474-1A3956D46DE8}") = "Data", "Data", "{72A34E53-E001-402E-B28F-12A559DC1956}"
EndProject
Project("{2150E333-8FDC-42A3-9474-1A3956D46DE8}") = "Libs", "Libs", "{22300E36-4306-49EA-8574-F15DAB8B1569}"
EndProject
Project("{2150E333-8FDC-42A3-9474-1A3956D46DE8}") = "Common", "Common", "{12628634-7A99-44A2-A873-69F9F754396A}"
EndProject
Project("{2150E333-8FDC-42A3-9474-1A3956D46DE8}") = "Data", "Data", "{04F1F910-0A42-4F47-AA40-8680EA7A1C11}"
EndProject
Project("{2150E333-8FDC-42A3-9474-1A3956D46DE8}") = "Libs", "Libs", "{46AC2D9C-F286-4533-BAAE-FB71BFBD2B17}"
EndProject
Project("{9A19103F-16F7-4668-BE54-9A1E7A4F7556}") = "Core.Common.Respuestas", "01_CsharpLibs\Common\Core.Common.Respuestas\Core.Common.Respuestas.csproj", "{87501222-303E-4E13-83D8-3A30875B30EF}"
EndProject
Project("{9A19103F-16F7-4668-BE54-9A1E7A4F7556}") = "Core.Data.Databases", "01_CsharpLibs\Data\Core.Data.Databases\Core.Data.Databases.csproj", "{C764EBA1-03BB-4437-9D34-1124BE435A66}"
EndProject
Project("{9A19103F-16F7-4668-BE54-9A1E7A4F7556}") = "Core.Data.Files", "01_CsharpLibs\Data\Core.Data.Files\Core.Data.Files.csproj", "{08AA3ED0-3781-49C2-89B0-14E5762ADA9F}"
EndProject
Project("{9A19103F-16F7-4668-BE54-9A1E7A4F7556}") = "Core.Libs.Encriptacion", "01_CsharpLibs\Libs\Core.Libs.Encriptacion\Core.Libs.Encriptacion.csproj", "{2ADF23FC-F172-4045-A163-6176FE0D4F08}"
EndProject
Project("{9A19103F-16F7-4668-BE54-9A1E7A4F7556}") = "Core.Common.TestRespuesta", "02_Test\Common\Core.Common.TestRespuesta\Core.Common.TestRespuesta.csproj", "{0BE99338-9F33-4B6A-9E25-9321A3AC0200}"
EndProject
Project("{9A19103F-16F7-4668-BE54-9A1E7A4F7556}") = "Core.Data.TestDatabases", "02_Test\Data\Core.Data.TestDatabases\Core.Data.TestDatabases.csproj", "{CE83B367-6BF6-44AE-80C4-C16E401BDB4C}"
EndProject
Project("{9A19103F-16F7-4668-BE54-9A1E7A4F7556}") = "Core.Data.TestFiles", "02_Test\Data\Core.Data.TestFiles\Core.Data.TestFiles.csproj", "{04AE1804-25E8-4F0A-AF0B-6B2BFA5D2C9F}"
EndProject
Project("{9A19103F-16F7-4668-BE54-9A1E7A4F7556}") = "Core.Libs.TestEncriptacion", "02_Test\Libs\Core.Libs.TestEncriptacion\Core.Libs.TestEncriptacion.csproj", "{05C57141-9DC5-4D62-A28F-D2E81CFAD25D}"
EndProject
Project("{9A19103F-16F7-4668-BE54-9A1E7A4F7556}") = "Core.Common.Helper", "01_CsharpLibs\Common\Core.Common.Helper\Core.Common.Helper.csproj", "{9694117F-4224-4B67-9CCF-DC60B0F95032}"
EndProject
Project("{9A19103F-16F7-4668-BE54-9A1E7A4F7556}") = "Core.Common.TestHelper", "02_Test\Common\Core.Common.TestHelper\Core.Common.TestHelper.csproj", "{B3890000-9CC1-4BBF-8A4F-50CC700E494D}"
EndProject
Global
	GlobalSection(SolutionConfigurationPlatforms) = preSolution
		Debug|Any CPU = Debug|Any CPU
		Release|Any CPU = Release|Any CPU
	EndGlobalSection
	GlobalSection(ProjectConfigurationPlatforms) = postSolution
		{87501222-303E-4E13-83D8-3A30875B30EF}.Debug|Any CPU.ActiveCfg = Debug|Any CPU
		{87501222-303E-4E13-83D8-3A30875B30EF}.Debug|Any CPU.Build.0 = Debug|Any CPU
		{87501222-303E-4E13-83D8-3A30875B30EF}.Release|Any CPU.ActiveCfg = Release|Any CPU
		{87501222-303E-4E13-83D8-3A30875B30EF}.Release|Any CPU.Build.0 = Release|Any CPU
		{C764EBA1-03BB-4437-9D34-1124BE435A66}.Debug|Any CPU.ActiveCfg = Debug|Any CPU
		{C764EBA1-03BB-4437-9D34-1124BE435A66}.Debug|Any CPU.Build.0 = Debug|Any CPU
		{C764EBA1-03BB-4437-9D34-1124BE435A66}.Release|Any CPU.ActiveCfg = Release|Any CPU
		{C764EBA1-03BB-4437-9D34-1124BE435A66}.Release|Any CPU.Build.0 = Release|Any CPU
		{08AA3ED0-3781-49C2-89B0-14E5762ADA9F}.Debug|Any CPU.ActiveCfg = Debug|Any CPU
		{08AA3ED0-3781-49C2-89B0-14E5762ADA9F}.Debug|Any CPU.Build.0 = Debug|Any CPU
		{08AA3ED0-3781-49C2-89B0-14E5762ADA9F}.Release|Any CPU.ActiveCfg = Release|Any CPU
		{08AA3ED0-3781-49C2-89B0-14E5762ADA9F}.Release|Any CPU.Build.0 = Release|Any CPU
		{2ADF23FC-F172-4045-A163-6176FE0D4F08}.Debug|Any CPU.ActiveCfg = Debug|Any CPU
		{2ADF23FC-F172-4045-A163-6176FE0D4F08}.Debug|Any CPU.Build.0 = Debug|Any CPU
		{2ADF23FC-F172-4045-A163-6176FE0D4F08}.Release|Any CPU.ActiveCfg = Release|Any CPU
		{2ADF23FC-F172-4045-A163-6176FE0D4F08}.Release|Any CPU.Build.0 = Release|Any CPU
		{0BE99338-9F33-4B6A-9E25-9321A3AC0200}.Debug|Any CPU.ActiveCfg = Debug|Any CPU
		{0BE99338-9F33-4B6A-9E25-9321A3AC0200}.Debug|Any CPU.Build.0 = Debug|Any CPU
		{0BE99338-9F33-4B6A-9E25-9321A3AC0200}.Release|Any CPU.ActiveCfg = Release|Any CPU
		{0BE99338-9F33-4B6A-9E25-9321A3AC0200}.Release|Any CPU.Build.0 = Release|Any CPU
		{CE83B367-6BF6-44AE-80C4-C16E401BDB4C}.Debug|Any CPU.ActiveCfg = Debug|Any CPU
		{CE83B367-6BF6-44AE-80C4-C16E401BDB4C}.Debug|Any CPU.Build.0 = Debug|Any CPU
		{CE83B367-6BF6-44AE-80C4-C16E401BDB4C}.Release|Any CPU.ActiveCfg = Release|Any CPU
		{CE83B367-6BF6-44AE-80C4-C16E401BDB4C}.Release|Any CPU.Build.0 = Release|Any CPU
		{04AE1804-25E8-4F0A-AF0B-6B2BFA5D2C9F}.Debug|Any CPU.ActiveCfg = Debug|Any CPU
		{04AE1804-25E8-4F0A-AF0B-6B2BFA5D2C9F}.Debug|Any CPU.Build.0 = Debug|Any CPU
		{04AE1804-25E8-4F0A-AF0B-6B2BFA5D2C9F}.Release|Any CPU.ActiveCfg = Release|Any CPU
		{04AE1804-25E8-4F0A-AF0B-6B2BFA5D2C9F}.Release|Any CPU.Build.0 = Release|Any CPU
		{05C57141-9DC5-4D62-A28F-D2E81CFAD25D}.Debug|Any CPU.ActiveCfg = Debug|Any CPU
		{05C57141-9DC5-4D62-A28F-D2E81CFAD25D}.Debug|Any CPU.Build.0 = Debug|Any CPU
		{05C57141-9DC5-4D62-A28F-D2E81CFAD25D}.Release|Any CPU.ActiveCfg = Release|Any CPU
		{05C57141-9DC5-4D62-A28F-D2E81CFAD25D}.Release|Any CPU.Build.0 = Release|Any CPU
		{9694117F-4224-4B67-9CCF-DC60B0F95032}.Debug|Any CPU.ActiveCfg = Debug|Any CPU
		{9694117F-4224-4B67-9CCF-DC60B0F95032}.Debug|Any CPU.Build.0 = Debug|Any CPU
		{9694117F-4224-4B67-9CCF-DC60B0F95032}.Release|Any CPU.ActiveCfg = Release|Any CPU
		{9694117F-4224-4B67-9CCF-DC60B0F95032}.Release|Any CPU.Build.0 = Release|Any CPU
		{B3890000-9CC1-4BBF-8A4F-50CC700E494D}.Debug|Any CPU.ActiveCfg = Debug|Any CPU
		{B3890000-9CC1-4BBF-8A4F-50CC700E494D}.Debug|Any CPU.Build.0 = Debug|Any CPU
		{B3890000-9CC1-4BBF-8A4F-50CC700E494D}.Release|Any CPU.ActiveCfg = Release|Any CPU
		{B3890000-9CC1-4BBF-8A4F-50CC700E494D}.Release|Any CPU.Build.0 = Release|Any CPU
	EndGlobalSection
	GlobalSection(SolutionProperties) = preSolution
		HideSolutionNode = FALSE
	EndGlobalSection
	GlobalSection(NestedProjects) = preSolution
		{960296EC-C66D-45FC-B6B6-D363C90EE15D} = {98C6551E-0F30-44D1-BDF4-F71BAE118002}
		{72A34E53-E001-402E-B28F-12A559DC1956} = {98C6551E-0F30-44D1-BDF4-F71BAE118002}
		{22300E36-4306-49EA-8574-F15DAB8B1569} = {98C6551E-0F30-44D1-BDF4-F71BAE118002}
		{12628634-7A99-44A2-A873-69F9F754396A} = {BEB1288C-83C6-4457-A787-28A5023C18E3}
		{04F1F910-0A42-4F47-AA40-8680EA7A1C11} = {BEB1288C-83C6-4457-A787-28A5023C18E3}
		{46AC2D9C-F286-4533-BAAE-FB71BFBD2B17} = {BEB1288C-83C6-4457-A787-28A5023C18E3}
		{87501222-303E-4E13-83D8-3A30875B30EF} = {960296EC-C66D-45FC-B6B6-D363C90EE15D}
		{C764EBA1-03BB-4437-9D34-1124BE435A66} = {72A34E53-E001-402E-B28F-12A559DC1956}
		{08AA3ED0-3781-49C2-89B0-14E5762ADA9F} = {72A34E53-E001-402E-B28F-12A559DC1956}
		{2ADF23FC-F172-4045-A163-6176FE0D4F08} = {22300E36-4306-49EA-8574-F15DAB8B1569}
		{0BE99338-9F33-4B6A-9E25-9321A3AC0200} = {12628634-7A99-44A2-A873-69F9F754396A}
		{CE83B367-6BF6-44AE-80C4-C16E401BDB4C} = {04F1F910-0A42-4F47-AA40-8680EA7A1C11}
		{04AE1804-25E8-4F0A-AF0B-6B2BFA5D2C9F} = {04F1F910-0A42-4F47-AA40-8680EA7A1C11}
		{05C57141-9DC5-4D62-A28F-D2E81CFAD25D} = {46AC2D9C-F286-4533-BAAE-FB71BFBD2B17}
		{9694117F-4224-4B67-9CCF-DC60B0F95032} = {960296EC-C66D-45FC-B6B6-D363C90EE15D}
		{B3890000-9CC1-4BBF-8A4F-50CC700E494D} = {12628634-7A99-44A2-A873-69F9F754396A}
	EndGlobalSection
	GlobalSection(ExtensibilityGlobals) = postSolution
		SolutionGuid = {D65084CA-7BC0-4ABB-AC14-052A0D858748}
	EndGlobalSection
EndGlobal
