
Microsoft Visual Studio Solution File, Format Version 12.00
# Visual Studio Version 16
VisualStudioVersion = 16.0.29209.62
MinimumVisualStudioVersion = 10.0.40219.1
Project("{2150E333-8FDC-42A3-9474-1A3956D46DE8}") = "01_CsharpLibs", "01_CsharpLibs", "{98C6551E-0F30-44D1-BDF4-F71BAE118002}"
EndProject
Project("{2150E333-8FDC-42A3-9474-1A3956D46DE8}") = "02_Test", "02_Test", "{BEB1288C-83C6-4457-A787-28A5023C18E3}"
EndProject
Project("{2150E333-8FDC-42A3-9474-1A3956D46DE8}") = "_Configs", "_Configs", "{407CBADE-DFE9-4AFE-9BBE-65272625EF22}"
	ProjectSection(SolutionItems) = preProject
		.editorconfig = .editorconfig
		nuget.config = nuget.config
		..\NugetPackages\NugetConfig\nuspecGeneratorNetCoreNetStandard.ps1 = ..\NugetPackages\NugetConfig\nuspecGeneratorNetCoreNetStandard.ps1
	EndProjectSection
EndProject
Project("{2150E333-8FDC-42A3-9474-1A3956D46DE8}") = "Common", "Common", "{960296EC-C66D-45FC-B6B6-D363C90EE15D}"
EndProject
Project("{2150E333-8FDC-42A3-9474-1A3956D46DE8}") = "Data", "Data", "{72A34E53-E001-402E-B28F-12A559DC1956}"
EndProject
Project("{2150E333-8FDC-42A3-9474-1A3956D46DE8}") = "Libs", "Libs", "{22300E36-4306-49EA-8574-F15DAB8B1569}"
EndProject
Project("{2150E333-8FDC-42A3-9474-1A3956D46DE8}") = "Common", "Common", "{12628634-7A99-44A2-A873-69F9F754396A}"
EndProject
Project("{2150E333-8FDC-42A3-9474-1A3956D46DE8}") = "Data", "Data", "{04F1F910-0A42-4F47-AA40-8680EA7A1C11}"
EndProject
Project("{2150E333-8FDC-42A3-9474-1A3956D46DE8}") = "Libs", "Libs", "{46AC2D9C-F286-4533-BAAE-FB71BFBD2B17}"
EndProject
Project("{9A19103F-16F7-4668-BE54-9A1E7A4F7556}") = "Garciss.Core.Common.Helper", "01_CsharpLibs\Common\Garciss.Core.Common.Helper\Garciss.Core.Common.Helper.csproj", "{9D06DA90-F209-4E21-94A9-215285C26921}"
EndProject
Project("{9A19103F-16F7-4668-BE54-9A1E7A4F7556}") = "Garciss.Core.Common.Respuestas", "01_CsharpLibs\Common\Garciss.Core.Common.Respuestas\Garciss.Core.Common.Respuestas.csproj", "{9EB73030-4E3B-4FDA-B039-29114E178CA5}"
EndProject
Project("{9A19103F-16F7-4668-BE54-9A1E7A4F7556}") = "Garciss.Core.Data.Databases", "01_CsharpLibs\Data\Garciss.Core.Data.Databases\Garciss.Core.Data.Databases.csproj", "{3158B41A-BBC3-4AE5-9B78-60E8F194F468}"
EndProject
Project("{9A19103F-16F7-4668-BE54-9A1E7A4F7556}") = "Garciss.Core.Data.Email", "01_CsharpLibs\Data\Garciss.Core.Data.Email\Garciss.Core.Data.Email.csproj", "{7B7BFDAC-794A-4329-ADB3-E8ABA2435090}"
EndProject
Project("{9A19103F-16F7-4668-BE54-9A1E7A4F7556}") = "Garciss.Core.Data.Files", "01_CsharpLibs\Data\Garciss.Core.Data.Files\Garciss.Core.Data.Files.csproj", "{8D688A3B-99CE-4FE4-BD19-5420D43E5AAD}"
EndProject
Project("{9A19103F-16F7-4668-BE54-9A1E7A4F7556}") = "Garciss.Core.Libs.Encriptacion", "01_CsharpLibs\Libs\Garciss.Core.Libs.Encriptacion\Garciss.Core.Libs.Encriptacion.csproj", "{16D5F0C3-FE14-499F-8C48-1FF6FF172DA8}"
EndProject
Project("{9A19103F-16F7-4668-BE54-9A1E7A4F7556}") = "Garciss.Core.Common.TestHelper", "02_Test\Common\Garciss.Core.Common.TestHelper\Garciss.Core.Common.TestHelper.csproj", "{18379323-3906-43F1-B897-9997D2708A6E}"
EndProject
Project("{9A19103F-16F7-4668-BE54-9A1E7A4F7556}") = "Garciss.Core.Common.TestRespuesta", "02_Test\Common\Garciss.Core.Common.TestRespuesta\Garciss.Core.Common.TestRespuesta.csproj", "{2F491F7E-6B67-42FB-9DC5-035BF0FE1685}"
EndProject
Project("{9A19103F-16F7-4668-BE54-9A1E7A4F7556}") = "Garciss.Core.Data.TestDatabases", "02_Test\Data\Garciss.Core.Data.TestDatabases\Garciss.Core.Data.TestDatabases.csproj", "{1CA9E1A0-A3A5-48D7-BFF4-825A046EDB1F}"
EndProject
Project("{9A19103F-16F7-4668-BE54-9A1E7A4F7556}") = "Garciss.Core.Data.TestEmail", "02_Test\Data\Garciss.Core.Data.TestEmail\Garciss.Core.Data.TestEmail.csproj", "{3E7CDAD6-C837-43A5-9AD2-FC0729D9D2F0}"
EndProject
Project("{9A19103F-16F7-4668-BE54-9A1E7A4F7556}") = "Garciss.Core.Data.TestFiles", "02_Test\Data\Garciss.Core.Data.TestFiles\Garciss.Core.Data.TestFiles.csproj", "{5B7C4761-7C68-41B0-B77D-06C99124742F}"
EndProject
Project("{9A19103F-16F7-4668-BE54-9A1E7A4F7556}") = "Garciss.Core.Libs.TestEncriptacion", "02_Test\Libs\Garciss.Core.Libs.TestEncriptacion\Garciss.Core.Libs.TestEncriptacion.csproj", "{0864EB2A-E300-4CBE-8251-1899FE17D2B7}"
EndProject
Global
	GlobalSection(SolutionConfigurationPlatforms) = preSolution
		Debug|Any CPU = Debug|Any CPU
		Release|Any CPU = Release|Any CPU
	EndGlobalSection
	GlobalSection(ProjectConfigurationPlatforms) = postSolution
		{9D06DA90-F209-4E21-94A9-215285C26921}.Debug|Any CPU.ActiveCfg = Debug|Any CPU
		{9D06DA90-F209-4E21-94A9-215285C26921}.Debug|Any CPU.Build.0 = Debug|Any CPU
		{9D06DA90-F209-4E21-94A9-215285C26921}.Release|Any CPU.ActiveCfg = Release|Any CPU
		{9D06DA90-F209-4E21-94A9-215285C26921}.Release|Any CPU.Build.0 = Release|Any CPU
		{9EB73030-4E3B-4FDA-B039-29114E178CA5}.Debug|Any CPU.ActiveCfg = Debug|Any CPU
		{9EB73030-4E3B-4FDA-B039-29114E178CA5}.Debug|Any CPU.Build.0 = Debug|Any CPU
		{9EB73030-4E3B-4FDA-B039-29114E178CA5}.Release|Any CPU.ActiveCfg = Release|Any CPU
		{9EB73030-4E3B-4FDA-B039-29114E178CA5}.Release|Any CPU.Build.0 = Release|Any CPU
		{3158B41A-BBC3-4AE5-9B78-60E8F194F468}.Debug|Any CPU.ActiveCfg = Debug|Any CPU
		{3158B41A-BBC3-4AE5-9B78-60E8F194F468}.Debug|Any CPU.Build.0 = Debug|Any CPU
		{3158B41A-BBC3-4AE5-9B78-60E8F194F468}.Release|Any CPU.ActiveCfg = Release|Any CPU
		{3158B41A-BBC3-4AE5-9B78-60E8F194F468}.Release|Any CPU.Build.0 = Release|Any CPU
		{7B7BFDAC-794A-4329-ADB3-E8ABA2435090}.Debug|Any CPU.ActiveCfg = Debug|Any CPU
		{7B7BFDAC-794A-4329-ADB3-E8ABA2435090}.Debug|Any CPU.Build.0 = Debug|Any CPU
		{7B7BFDAC-794A-4329-ADB3-E8ABA2435090}.Release|Any CPU.ActiveCfg = Release|Any CPU
		{7B7BFDAC-794A-4329-ADB3-E8ABA2435090}.Release|Any CPU.Build.0 = Release|Any CPU
		{8D688A3B-99CE-4FE4-BD19-5420D43E5AAD}.Debug|Any CPU.ActiveCfg = Debug|Any CPU
		{8D688A3B-99CE-4FE4-BD19-5420D43E5AAD}.Debug|Any CPU.Build.0 = Debug|Any CPU
		{8D688A3B-99CE-4FE4-BD19-5420D43E5AAD}.Release|Any CPU.ActiveCfg = Release|Any CPU
		{8D688A3B-99CE-4FE4-BD19-5420D43E5AAD}.Release|Any CPU.Build.0 = Release|Any CPU
		{16D5F0C3-FE14-499F-8C48-1FF6FF172DA8}.Debug|Any CPU.ActiveCfg = Debug|Any CPU
		{16D5F0C3-FE14-499F-8C48-1FF6FF172DA8}.Debug|Any CPU.Build.0 = Debug|Any CPU
		{16D5F0C3-FE14-499F-8C48-1FF6FF172DA8}.Release|Any CPU.ActiveCfg = Release|Any CPU
		{16D5F0C3-FE14-499F-8C48-1FF6FF172DA8}.Release|Any CPU.Build.0 = Release|Any CPU
		{18379323-3906-43F1-B897-9997D2708A6E}.Debug|Any CPU.ActiveCfg = Debug|Any CPU
		{18379323-3906-43F1-B897-9997D2708A6E}.Debug|Any CPU.Build.0 = Debug|Any CPU
		{18379323-3906-43F1-B897-9997D2708A6E}.Release|Any CPU.ActiveCfg = Release|Any CPU
		{18379323-3906-43F1-B897-9997D2708A6E}.Release|Any CPU.Build.0 = Release|Any CPU
		{2F491F7E-6B67-42FB-9DC5-035BF0FE1685}.Debug|Any CPU.ActiveCfg = Debug|Any CPU
		{2F491F7E-6B67-42FB-9DC5-035BF0FE1685}.Debug|Any CPU.Build.0 = Debug|Any CPU
		{2F491F7E-6B67-42FB-9DC5-035BF0FE1685}.Release|Any CPU.ActiveCfg = Release|Any CPU
		{2F491F7E-6B67-42FB-9DC5-035BF0FE1685}.Release|Any CPU.Build.0 = Release|Any CPU
		{1CA9E1A0-A3A5-48D7-BFF4-825A046EDB1F}.Debug|Any CPU.ActiveCfg = Debug|Any CPU
		{1CA9E1A0-A3A5-48D7-BFF4-825A046EDB1F}.Debug|Any CPU.Build.0 = Debug|Any CPU
		{1CA9E1A0-A3A5-48D7-BFF4-825A046EDB1F}.Release|Any CPU.ActiveCfg = Release|Any CPU
		{1CA9E1A0-A3A5-48D7-BFF4-825A046EDB1F}.Release|Any CPU.Build.0 = Release|Any CPU
		{3E7CDAD6-C837-43A5-9AD2-FC0729D9D2F0}.Debug|Any CPU.ActiveCfg = Debug|Any CPU
		{3E7CDAD6-C837-43A5-9AD2-FC0729D9D2F0}.Debug|Any CPU.Build.0 = Debug|Any CPU
		{3E7CDAD6-C837-43A5-9AD2-FC0729D9D2F0}.Release|Any CPU.ActiveCfg = Release|Any CPU
		{3E7CDAD6-C837-43A5-9AD2-FC0729D9D2F0}.Release|Any CPU.Build.0 = Release|Any CPU
		{5B7C4761-7C68-41B0-B77D-06C99124742F}.Debug|Any CPU.ActiveCfg = Debug|Any CPU
		{5B7C4761-7C68-41B0-B77D-06C99124742F}.Debug|Any CPU.Build.0 = Debug|Any CPU
		{5B7C4761-7C68-41B0-B77D-06C99124742F}.Release|Any CPU.ActiveCfg = Release|Any CPU
		{5B7C4761-7C68-41B0-B77D-06C99124742F}.Release|Any CPU.Build.0 = Release|Any CPU
		{0864EB2A-E300-4CBE-8251-1899FE17D2B7}.Debug|Any CPU.ActiveCfg = Debug|Any CPU
		{0864EB2A-E300-4CBE-8251-1899FE17D2B7}.Debug|Any CPU.Build.0 = Debug|Any CPU
		{0864EB2A-E300-4CBE-8251-1899FE17D2B7}.Release|Any CPU.ActiveCfg = Release|Any CPU
		{0864EB2A-E300-4CBE-8251-1899FE17D2B7}.Release|Any CPU.Build.0 = Release|Any CPU
	EndGlobalSection
	GlobalSection(SolutionProperties) = preSolution
		HideSolutionNode = FALSE
	EndGlobalSection
	GlobalSection(NestedProjects) = preSolution
		{960296EC-C66D-45FC-B6B6-D363C90EE15D} = {98C6551E-0F30-44D1-BDF4-F71BAE118002}
		{72A34E53-E001-402E-B28F-12A559DC1956} = {98C6551E-0F30-44D1-BDF4-F71BAE118002}
		{22300E36-4306-49EA-8574-F15DAB8B1569} = {98C6551E-0F30-44D1-BDF4-F71BAE118002}
		{12628634-7A99-44A2-A873-69F9F754396A} = {BEB1288C-83C6-4457-A787-28A5023C18E3}
		{04F1F910-0A42-4F47-AA40-8680EA7A1C11} = {BEB1288C-83C6-4457-A787-28A5023C18E3}
		{46AC2D9C-F286-4533-BAAE-FB71BFBD2B17} = {BEB1288C-83C6-4457-A787-28A5023C18E3}
		{9D06DA90-F209-4E21-94A9-215285C26921} = {960296EC-C66D-45FC-B6B6-D363C90EE15D}
		{9EB73030-4E3B-4FDA-B039-29114E178CA5} = {960296EC-C66D-45FC-B6B6-D363C90EE15D}
		{3158B41A-BBC3-4AE5-9B78-60E8F194F468} = {72A34E53-E001-402E-B28F-12A559DC1956}
		{7B7BFDAC-794A-4329-ADB3-E8ABA2435090} = {72A34E53-E001-402E-B28F-12A559DC1956}
		{8D688A3B-99CE-4FE4-BD19-5420D43E5AAD} = {72A34E53-E001-402E-B28F-12A559DC1956}
		{16D5F0C3-FE14-499F-8C48-1FF6FF172DA8} = {22300E36-4306-49EA-8574-F15DAB8B1569}
		{18379323-3906-43F1-B897-9997D2708A6E} = {12628634-7A99-44A2-A873-69F9F754396A}
		{2F491F7E-6B67-42FB-9DC5-035BF0FE1685} = {12628634-7A99-44A2-A873-69F9F754396A}
		{1CA9E1A0-A3A5-48D7-BFF4-825A046EDB1F} = {04F1F910-0A42-4F47-AA40-8680EA7A1C11}
		{3E7CDAD6-C837-43A5-9AD2-FC0729D9D2F0} = {04F1F910-0A42-4F47-AA40-8680EA7A1C11}
		{5B7C4761-7C68-41B0-B77D-06C99124742F} = {04F1F910-0A42-4F47-AA40-8680EA7A1C11}
		{0864EB2A-E300-4CBE-8251-1899FE17D2B7} = {46AC2D9C-F286-4533-BAAE-FB71BFBD2B17}
	EndGlobalSection
	GlobalSection(ExtensibilityGlobals) = postSolution
		SolutionGuid = {D65084CA-7BC0-4ABB-AC14-052A0D858748}
	EndGlobalSection
EndGlobal
