
Microsoft Visual Studio Solution File, Format Version 12.00
# Visual Studio Version 16
VisualStudioVersion = 16.0.29209.62
MinimumVisualStudioVersion = 10.0.40219.1
Project("{2150E333-8FDC-42A3-9474-1A3956D46DE8}") = "01_NetLibs", "01_NetLibs", "{98C6551E-0F30-44D1-BDF4-F71BAE118002}"
EndProject
Project("{2150E333-8FDC-42A3-9474-1A3956D46DE8}") = "02_Test", "02_Test", "{BEB1288C-83C6-4457-A787-28A5023C18E3}"
EndProject
Project("{2150E333-8FDC-42A3-9474-1A3956D46DE8}") = "_Configs", "_Configs", "{407CBADE-DFE9-4AFE-9BBE-65272625EF22}"
	ProjectSection(SolutionItems) = preProject
		.editorconfig = .editorconfig
		nuget.config = nuget.config
		..\NugetPackages\NugetConfig\nuspecGeneratorNetCoreNetStandard.ps1 = ..\NugetPackages\NugetConfig\nuspecGeneratorNetCoreNetStandard.ps1
	EndProjectSection
EndProject
Project("{2150E333-8FDC-42A3-9474-1A3956D46DE8}") = "Common", "Common", "{960296EC-C66D-45FC-B6B6-D363C90EE15D}"
EndProject
Project("{2150E333-8FDC-42A3-9474-1A3956D46DE8}") = "Data", "Data", "{72A34E53-E001-402E-B28F-12A559DC1956}"
EndProject
Project("{2150E333-8FDC-42A3-9474-1A3956D46DE8}") = "Libs", "Libs", "{22300E36-4306-49EA-8574-F15DAB8B1569}"
EndProject
Project("{9A19103F-16F7-4668-BE54-9A1E7A4F7556}") = "Garciss.Core.Common.Helper", "01_GarcissNetLibs\Common\Garciss.Core.Common.Helper\Garciss.Core.Common.Helper.csproj", "{9D06DA90-F209-4E21-94A9-215285C26921}"
EndProject
Project("{9A19103F-16F7-4668-BE54-9A1E7A4F7556}") = "Garciss.Core.Common.Respuestas", "01_GarcissNetLibs\Common\Garciss.Core.Common.Respuestas\Garciss.Core.Common.Respuestas.csproj", "{9EB73030-4E3B-4FDA-B039-29114E178CA5}"
EndProject
Project("{9A19103F-16F7-4668-BE54-9A1E7A4F7556}") = "Garciss.Core.Common.Session", "01_GarcissNetLibs\Common\Garciss.Core.Common.Session\Garciss.Core.Common.Session.csproj", "{7C83EE23-E230-4C77-9E86-F430A302D8F9}"
EndProject
Project("{2150E333-8FDC-42A3-9474-1A3956D46DE8}") = "Databases", "Databases", "{9F83E453-4AF2-4678-9A61-3D4CC41C3218}"
EndProject
Project("{9A19103F-16F7-4668-BE54-9A1E7A4F7556}") = "Garciss.Core.Data.Databases.SqlInjection", "01_GarcissNetLibs\Data\Garciss.Core.Data.Databases.SqlInjection\Garciss.Core.Data.Databases.SqlInjection.csproj", "{59B257AB-C43C-4624-8DFC-70C409FE33A8}"
EndProject
Project("{2150E333-8FDC-42A3-9474-1A3956D46DE8}") = "Email", "Email", "{7CDC188B-334E-4055-8CC6-F8F0495C796A}"
EndProject
Project("{9A19103F-16F7-4668-BE54-9A1E7A4F7556}") = "Garciss.Core.Data.Email.Base", "01_GarcissNetLibs\Data\Garciss.Core.Data.Email.Base\Garciss.Core.Data.Email.Base.csproj", "{5B1E0852-BD0D-4092-B9A3-4D11B25851A0}"
EndProject
Project("{9A19103F-16F7-4668-BE54-9A1E7A4F7556}") = "Garciss.Core.Data.Email.SMTP", "01_GarcissNetLibs\Data\Garciss.Core.Data.Email.SMTP\Garciss.Core.Data.Email.SMTP.csproj", "{ABE39374-0950-4FCE-84F4-6DCF17C1208B}"
EndProject
Project("{2150E333-8FDC-42A3-9474-1A3956D46DE8}") = "Encriptacion", "Encriptacion", "{944C39E8-D62B-4DC1-A47A-78AFF598C820}"
EndProject
Project("{9A19103F-16F7-4668-BE54-9A1E7A4F7556}") = "Garciss.Core.Libs.Encriptacion.AES", "01_GarcissNetLibs\Libs\Garciss.Core.Libs.Encriptacion.AES\Garciss.Core.Libs.Encriptacion.AES.csproj", "{7146657F-4653-4317-B4DE-7A5E0B44CC81}"
EndProject
Project("{9A19103F-16F7-4668-BE54-9A1E7A4F7556}") = "Garciss.Core.Common.Converter", "01_GarcissNetLibs\Common\Garciss.Core.Common.Converter\Garciss.Core.Common.Converter.csproj", "{CCE875B7-8998-40BE-B073-2D23101BD6E4}"
EndProject
Project("{9A19103F-16F7-4668-BE54-9A1E7A4F7556}") = "Garciss.Core.Common.EnumHelper", "01_GarcissNetLibs\Common\Garciss.Core.Common.EnumHelper\Garciss.Core.Common.EnumHelper.csproj", "{7A77BAD6-2306-44D0-83BB-69E5B57CC312}"
EndProject
Project("{9A19103F-16F7-4668-BE54-9A1E7A4F7556}") = "Garciss.Core.Common.Extensions", "01_GarcissNetLibs\Common\Garciss.Core.Common.Extensions\Garciss.Core.Common.Extensions.csproj", "{975B2FD1-7C82-4C7E-8DB2-023A3AFAF388}"
EndProject
Project("{9A19103F-16F7-4668-BE54-9A1E7A4F7556}") = "Garciss.Core.Common.Formatters", "01_GarcissNetLibs\Common\Garciss.Core.Common.Formatters\Garciss.Core.Common.Formatters.csproj", "{723AAD2F-AEAE-470A-A03C-195E4161C4F2}"
EndProject
Project("{9A19103F-16F7-4668-BE54-9A1E7A4F7556}") = "Garciss.Core.Business.Importe", "01_GarcissNetLibs\Business\Garciss.Core.Business.Importe\Garciss.Core.Business.Importe.csproj", "{E118830D-A124-407F-88A7-7C59494004FF}"
EndProject
Project("{2150E333-8FDC-42A3-9474-1A3956D46DE8}") = "Business", "Business", "{5ED41C31-C53F-40EB-BC5C-9D198AED2A24}"
EndProject
Project("{2150E333-8FDC-42A3-9474-1A3956D46DE8}") = "Business", "Business", "{41E0F117-985F-4BF4-9922-758D4474348C}"
EndProject
Project("{2150E333-8FDC-42A3-9474-1A3956D46DE8}") = "Common", "Common", "{9C63C9D5-939F-4D05-A28B-8F06AF4E9C89}"
EndProject
Project("{2150E333-8FDC-42A3-9474-1A3956D46DE8}") = "Data", "Data", "{21D5966F-C4D5-4746-9547-1387304789A4}"
EndProject
Project("{2150E333-8FDC-42A3-9474-1A3956D46DE8}") = "Libs", "Libs", "{22DF1FF9-0C6E-4B88-BD5F-6C6E51E8E613}"
EndProject
Project("{2150E333-8FDC-42A3-9474-1A3956D46DE8}") = "UnitTest", "UnitTest", "{72CAE4A3-FEAD-4DD8-86E8-98D7F744D28D}"
EndProject
Project("{2150E333-8FDC-42A3-9474-1A3956D46DE8}") = "Benchmark", "Benchmark", "{D138D49B-9096-4F2E-8C35-558E7F023D92}"
EndProject
Project("{2150E333-8FDC-42A3-9474-1A3956D46DE8}") = "Mocking", "Mocking", "{52A42860-1436-41BA-8E39-F9AEC37669EC}"
EndProject
Project("{2150E333-8FDC-42A3-9474-1A3956D46DE8}") = "Business", "Business", "{EF9F59AD-50A0-4F92-9FE9-C62A69BB88C9}"
EndProject
Project("{2150E333-8FDC-42A3-9474-1A3956D46DE8}") = "Common", "Common", "{64DD6404-1E09-4D11-9C09-F9B078028617}"
EndProject
Project("{2150E333-8FDC-42A3-9474-1A3956D46DE8}") = "Data", "Data", "{8F4BC454-3099-49EF-B0F2-42F13464D7E9}"
EndProject
Project("{2150E333-8FDC-42A3-9474-1A3956D46DE8}") = "Libs", "Libs", "{1B172F5E-4BF6-489F-B2A1-3FE53A8A46A2}"
EndProject
Project("{2150E333-8FDC-42A3-9474-1A3956D46DE8}") = "Business", "Business", "{97520035-89F0-48B4-A15E-2C6BE7D796EC}"
EndProject
Project("{2150E333-8FDC-42A3-9474-1A3956D46DE8}") = "Common", "Common", "{FA5945F6-8550-4127-9579-041C0431DC50}"
EndProject
Project("{2150E333-8FDC-42A3-9474-1A3956D46DE8}") = "Data", "Data", "{E29A0BFC-22E2-4942-A34F-741271EE7A8B}"
EndProject
Project("{2150E333-8FDC-42A3-9474-1A3956D46DE8}") = "Libs", "Libs", "{BD9A4D2C-726C-4EBA-B53D-79F7EE07E955}"
EndProject
Global
	GlobalSection(SolutionConfigurationPlatforms) = preSolution
		Debug|Any CPU = Debug|Any CPU
		Release|Any CPU = Release|Any CPU
	EndGlobalSection
	GlobalSection(ProjectConfigurationPlatforms) = postSolution
		{9D06DA90-F209-4E21-94A9-215285C26921}.Debug|Any CPU.ActiveCfg = Debug|Any CPU
		{9D06DA90-F209-4E21-94A9-215285C26921}.Debug|Any CPU.Build.0 = Debug|Any CPU
		{9D06DA90-F209-4E21-94A9-215285C26921}.Release|Any CPU.ActiveCfg = Release|Any CPU
		{9D06DA90-F209-4E21-94A9-215285C26921}.Release|Any CPU.Build.0 = Release|Any CPU
		{9EB73030-4E3B-4FDA-B039-29114E178CA5}.Debug|Any CPU.ActiveCfg = Debug|Any CPU
		{9EB73030-4E3B-4FDA-B039-29114E178CA5}.Debug|Any CPU.Build.0 = Debug|Any CPU
		{9EB73030-4E3B-4FDA-B039-29114E178CA5}.Release|Any CPU.ActiveCfg = Release|Any CPU
		{9EB73030-4E3B-4FDA-B039-29114E178CA5}.Release|Any CPU.Build.0 = Release|Any CPU
		{7C83EE23-E230-4C77-9E86-F430A302D8F9}.Debug|Any CPU.ActiveCfg = Debug|Any CPU
		{7C83EE23-E230-4C77-9E86-F430A302D8F9}.Debug|Any CPU.Build.0 = Debug|Any CPU
		{7C83EE23-E230-4C77-9E86-F430A302D8F9}.Release|Any CPU.ActiveCfg = Release|Any CPU
		{7C83EE23-E230-4C77-9E86-F430A302D8F9}.Release|Any CPU.Build.0 = Release|Any CPU
		{59B257AB-C43C-4624-8DFC-70C409FE33A8}.Debug|Any CPU.ActiveCfg = Debug|Any CPU
		{59B257AB-C43C-4624-8DFC-70C409FE33A8}.Debug|Any CPU.Build.0 = Debug|Any CPU
		{59B257AB-C43C-4624-8DFC-70C409FE33A8}.Release|Any CPU.ActiveCfg = Release|Any CPU
		{59B257AB-C43C-4624-8DFC-70C409FE33A8}.Release|Any CPU.Build.0 = Release|Any CPU
		{5B1E0852-BD0D-4092-B9A3-4D11B25851A0}.Debug|Any CPU.ActiveCfg = Debug|Any CPU
		{5B1E0852-BD0D-4092-B9A3-4D11B25851A0}.Debug|Any CPU.Build.0 = Debug|Any CPU
		{5B1E0852-BD0D-4092-B9A3-4D11B25851A0}.Release|Any CPU.ActiveCfg = Release|Any CPU
		{5B1E0852-BD0D-4092-B9A3-4D11B25851A0}.Release|Any CPU.Build.0 = Release|Any CPU
		{ABE39374-0950-4FCE-84F4-6DCF17C1208B}.Debug|Any CPU.ActiveCfg = Debug|Any CPU
		{ABE39374-0950-4FCE-84F4-6DCF17C1208B}.Debug|Any CPU.Build.0 = Debug|Any CPU
		{ABE39374-0950-4FCE-84F4-6DCF17C1208B}.Release|Any CPU.ActiveCfg = Release|Any CPU
		{ABE39374-0950-4FCE-84F4-6DCF17C1208B}.Release|Any CPU.Build.0 = Release|Any CPU
		{7146657F-4653-4317-B4DE-7A5E0B44CC81}.Debug|Any CPU.ActiveCfg = Debug|Any CPU
		{7146657F-4653-4317-B4DE-7A5E0B44CC81}.Debug|Any CPU.Build.0 = Debug|Any CPU
		{7146657F-4653-4317-B4DE-7A5E0B44CC81}.Release|Any CPU.ActiveCfg = Release|Any CPU
		{7146657F-4653-4317-B4DE-7A5E0B44CC81}.Release|Any CPU.Build.0 = Release|Any CPU
		{CCE875B7-8998-40BE-B073-2D23101BD6E4}.Debug|Any CPU.ActiveCfg = Debug|Any CPU
		{CCE875B7-8998-40BE-B073-2D23101BD6E4}.Debug|Any CPU.Build.0 = Debug|Any CPU
		{CCE875B7-8998-40BE-B073-2D23101BD6E4}.Release|Any CPU.ActiveCfg = Release|Any CPU
		{CCE875B7-8998-40BE-B073-2D23101BD6E4}.Release|Any CPU.Build.0 = Release|Any CPU
		{7A77BAD6-2306-44D0-83BB-69E5B57CC312}.Debug|Any CPU.ActiveCfg = Debug|Any CPU
		{7A77BAD6-2306-44D0-83BB-69E5B57CC312}.Debug|Any CPU.Build.0 = Debug|Any CPU
		{7A77BAD6-2306-44D0-83BB-69E5B57CC312}.Release|Any CPU.ActiveCfg = Release|Any CPU
		{7A77BAD6-2306-44D0-83BB-69E5B57CC312}.Release|Any CPU.Build.0 = Release|Any CPU
		{975B2FD1-7C82-4C7E-8DB2-023A3AFAF388}.Debug|Any CPU.ActiveCfg = Debug|Any CPU
		{975B2FD1-7C82-4C7E-8DB2-023A3AFAF388}.Debug|Any CPU.Build.0 = Debug|Any CPU
		{975B2FD1-7C82-4C7E-8DB2-023A3AFAF388}.Release|Any CPU.ActiveCfg = Release|Any CPU
		{975B2FD1-7C82-4C7E-8DB2-023A3AFAF388}.Release|Any CPU.Build.0 = Release|Any CPU
		{723AAD2F-AEAE-470A-A03C-195E4161C4F2}.Debug|Any CPU.ActiveCfg = Debug|Any CPU
		{723AAD2F-AEAE-470A-A03C-195E4161C4F2}.Debug|Any CPU.Build.0 = Debug|Any CPU
		{723AAD2F-AEAE-470A-A03C-195E4161C4F2}.Release|Any CPU.ActiveCfg = Release|Any CPU
		{723AAD2F-AEAE-470A-A03C-195E4161C4F2}.Release|Any CPU.Build.0 = Release|Any CPU
		{E118830D-A124-407F-88A7-7C59494004FF}.Debug|Any CPU.ActiveCfg = Debug|Any CPU
		{E118830D-A124-407F-88A7-7C59494004FF}.Debug|Any CPU.Build.0 = Debug|Any CPU
		{E118830D-A124-407F-88A7-7C59494004FF}.Release|Any CPU.ActiveCfg = Release|Any CPU
		{E118830D-A124-407F-88A7-7C59494004FF}.Release|Any CPU.Build.0 = Release|Any CPU
	EndGlobalSection
	GlobalSection(SolutionProperties) = preSolution
		HideSolutionNode = FALSE
	EndGlobalSection
	GlobalSection(NestedProjects) = preSolution
		{960296EC-C66D-45FC-B6B6-D363C90EE15D} = {98C6551E-0F30-44D1-BDF4-F71BAE118002}
		{72A34E53-E001-402E-B28F-12A559DC1956} = {98C6551E-0F30-44D1-BDF4-F71BAE118002}
		{22300E36-4306-49EA-8574-F15DAB8B1569} = {98C6551E-0F30-44D1-BDF4-F71BAE118002}
		{9D06DA90-F209-4E21-94A9-215285C26921} = {960296EC-C66D-45FC-B6B6-D363C90EE15D}
		{9EB73030-4E3B-4FDA-B039-29114E178CA5} = {960296EC-C66D-45FC-B6B6-D363C90EE15D}
		{7C83EE23-E230-4C77-9E86-F430A302D8F9} = {960296EC-C66D-45FC-B6B6-D363C90EE15D}
		{9F83E453-4AF2-4678-9A61-3D4CC41C3218} = {72A34E53-E001-402E-B28F-12A559DC1956}
		{59B257AB-C43C-4624-8DFC-70C409FE33A8} = {9F83E453-4AF2-4678-9A61-3D4CC41C3218}
		{7CDC188B-334E-4055-8CC6-F8F0495C796A} = {72A34E53-E001-402E-B28F-12A559DC1956}
		{5B1E0852-BD0D-4092-B9A3-4D11B25851A0} = {7CDC188B-334E-4055-8CC6-F8F0495C796A}
		{ABE39374-0950-4FCE-84F4-6DCF17C1208B} = {7CDC188B-334E-4055-8CC6-F8F0495C796A}
		{944C39E8-D62B-4DC1-A47A-78AFF598C820} = {22300E36-4306-49EA-8574-F15DAB8B1569}
		{7146657F-4653-4317-B4DE-7A5E0B44CC81} = {944C39E8-D62B-4DC1-A47A-78AFF598C820}
		{CCE875B7-8998-40BE-B073-2D23101BD6E4} = {960296EC-C66D-45FC-B6B6-D363C90EE15D}
		{7A77BAD6-2306-44D0-83BB-69E5B57CC312} = {960296EC-C66D-45FC-B6B6-D363C90EE15D}
		{975B2FD1-7C82-4C7E-8DB2-023A3AFAF388} = {960296EC-C66D-45FC-B6B6-D363C90EE15D}
		{723AAD2F-AEAE-470A-A03C-195E4161C4F2} = {960296EC-C66D-45FC-B6B6-D363C90EE15D}
		{E118830D-A124-407F-88A7-7C59494004FF} = {5ED41C31-C53F-40EB-BC5C-9D198AED2A24}
		{5ED41C31-C53F-40EB-BC5C-9D198AED2A24} = {98C6551E-0F30-44D1-BDF4-F71BAE118002}
		{41E0F117-985F-4BF4-9922-758D4474348C} = {72CAE4A3-FEAD-4DD8-86E8-98D7F744D28D}
		{9C63C9D5-939F-4D05-A28B-8F06AF4E9C89} = {72CAE4A3-FEAD-4DD8-86E8-98D7F744D28D}
		{21D5966F-C4D5-4746-9547-1387304789A4} = {72CAE4A3-FEAD-4DD8-86E8-98D7F744D28D}
		{22DF1FF9-0C6E-4B88-BD5F-6C6E51E8E613} = {72CAE4A3-FEAD-4DD8-86E8-98D7F744D28D}
		{72CAE4A3-FEAD-4DD8-86E8-98D7F744D28D} = {BEB1288C-83C6-4457-A787-28A5023C18E3}
		{D138D49B-9096-4F2E-8C35-558E7F023D92} = {BEB1288C-83C6-4457-A787-28A5023C18E3}
		{52A42860-1436-41BA-8E39-F9AEC37669EC} = {BEB1288C-83C6-4457-A787-28A5023C18E3}
		{EF9F59AD-50A0-4F92-9FE9-C62A69BB88C9} = {52A42860-1436-41BA-8E39-F9AEC37669EC}
		{64DD6404-1E09-4D11-9C09-F9B078028617} = {52A42860-1436-41BA-8E39-F9AEC37669EC}
		{8F4BC454-3099-49EF-B0F2-42F13464D7E9} = {52A42860-1436-41BA-8E39-F9AEC37669EC}
		{1B172F5E-4BF6-489F-B2A1-3FE53A8A46A2} = {52A42860-1436-41BA-8E39-F9AEC37669EC}
		{97520035-89F0-48B4-A15E-2C6BE7D796EC} = {D138D49B-9096-4F2E-8C35-558E7F023D92}
		{FA5945F6-8550-4127-9579-041C0431DC50} = {D138D49B-9096-4F2E-8C35-558E7F023D92}
		{E29A0BFC-22E2-4942-A34F-741271EE7A8B} = {D138D49B-9096-4F2E-8C35-558E7F023D92}
		{BD9A4D2C-726C-4EBA-B53D-79F7EE07E955} = {D138D49B-9096-4F2E-8C35-558E7F023D92}
	EndGlobalSection
	GlobalSection(ExtensibilityGlobals) = postSolution
		SolutionGuid = {D65084CA-7BC0-4ABB-AC14-052A0D858748}
	EndGlobalSection
EndGlobal
